
Microsoft Visual Studio Solution File, Format Version 12.00
# Visual Studio Version 17
VisualStudioVersion = 17.8.34316.72
MinimumVisualStudioVersion = 10.0.40219.1
Project("{9A19103F-16F7-4668-BE54-9A1E7A4F7556}") = "WC3MapDeprotector", "WC3MapDeprotector\WC3MapDeprotector.csproj", "{4C65C831-975C-43C0-B184-23DE72622BAC}"
EndProject
Project("{9A19103F-16F7-4668-BE54-9A1E7A4F7556}") = "War3Net.CodeAnalysis.Decompilers", "War3Net.CodeAnalysis.Decompilers\War3Net.CodeAnalysis.Decompilers.csproj", "{F596D2C2-2C7A-48C0-83CC-FEDD56BC6B26}"
EndProject
Global
	GlobalSection(SolutionConfigurationPlatforms) = preSolution
		Debug|Any CPU = Debug|Any CPU
		Release|Any CPU = Release|Any CPU
	EndGlobalSection
	GlobalSection(ProjectConfigurationPlatforms) = postSolution
		{4C65C831-975C-43C0-B184-23DE72622BAC}.Debug|Any CPU.ActiveCfg = Debug|Any CPU
		{4C65C831-975C-43C0-B184-23DE72622BAC}.Debug|Any CPU.Build.0 = Debug|Any CPU
		{4C65C831-975C-43C0-B184-23DE72622BAC}.Release|Any CPU.ActiveCfg = Release|Any CPU
		{4C65C831-975C-43C0-B184-23DE72622BAC}.Release|Any CPU.Build.0 = Release|Any CPU
		{F596D2C2-2C7A-48C0-83CC-FEDD56BC6B26}.Debug|Any CPU.ActiveCfg = Debug|Any CPU
		{F596D2C2-2C7A-48C0-83CC-FEDD56BC6B26}.Debug|Any CPU.Build.0 = Debug|Any CPU
		{F596D2C2-2C7A-48C0-83CC-FEDD56BC6B26}.Release|Any CPU.ActiveCfg = Release|Any CPU
		{F596D2C2-2C7A-48C0-83CC-FEDD56BC6B26}.Release|Any CPU.Build.0 = Release|Any CPU
	EndGlobalSection
	GlobalSection(SolutionProperties) = preSolution
		HideSolutionNode = FALSE
	EndGlobalSection
	GlobalSection(ExtensibilityGlobals) = postSolution
		SolutionGuid = {903031F5-EDE4-4A2A-93BD-6745C0944E60}
	EndGlobalSection
EndGlobal
